// !$*UTF8*$!
{
	archiveVersion = 1;
	classes = {
	};
	objectVersion = 50;
	objects = {

/* Begin PBXBuildFile section */
		A8F3BE9D2250625D0076C61C /* AppDelegate.swift in Sources */ = {isa = PBXBuildFile; fileRef = A8F3BE9C2250625D0076C61C /* AppDelegate.swift */; };
		A8F3BE9F2250625D0076C61C /* ViewController.swift in Sources */ = {isa = PBXBuildFile; fileRef = A8F3BE9E2250625D0076C61C /* ViewController.swift */; };
		A8F3BEA22250625D0076C61C /* Main.storyboard in Resources */ = {isa = PBXBuildFile; fileRef = A8F3BEA02250625D0076C61C /* Main.storyboard */; };
		A8F3BEA4225062610076C61C /* Assets.xcassets in Resources */ = {isa = PBXBuildFile; fileRef = A8F3BEA3225062610076C61C /* Assets.xcassets */; };
		A8F3BEA7225062610076C61C /* LaunchScreen.storyboard in Resources */ = {isa = PBXBuildFile; fileRef = A8F3BEA5225062610076C61C /* LaunchScreen.storyboard */; };
		A8F68A4822527D5B008E85B2 /* Canvas.swift in Sources */ = {isa = PBXBuildFile; fileRef = A8F68A4722527D5B008E85B2 /* Canvas.swift */; };
		A8F792B6225483C100FCB1CF /* Line.swift in Sources */ = {isa = PBXBuildFile; fileRef = A8F792B5225483C100FCB1CF /* Line.swift */; };
/* End PBXBuildFile section */

/* Begin PBXFileReference section */
		A8F3BE992250625D0076C61C /* DrawingOnCanvas.app */ = {isa = PBXFileReference; explicitFileType = wrapper.application; includeInIndex = 0; path = DrawingOnCanvas.app; sourceTree = BUILT_PRODUCTS_DIR; };
		A8F3BE9C2250625D0076C61C /* AppDelegate.swift */ = {isa = PBXFileReference; lastKnownFileType = sourcecode.swift; path = AppDelegate.swift; sourceTree = "<group>"; };
		A8F3BE9E2250625D0076C61C /* ViewController.swift */ = {isa = PBXFileReference; lastKnownFileType = sourcecode.swift; name = ViewController.swift; path = ../ViewController.swift; sourceTree = "<group>"; };
		A8F3BEA12250625D0076C61C /* Base */ = {isa = PBXFileReference; lastKnownFileType = file.storyboard; name = Base; path = Base.lproj/Main.storyboard; sourceTree = "<group>"; };
		A8F3BEA3225062610076C61C /* Assets.xcassets */ = {isa = PBXFileReference; lastKnownFileType = folder.assetcatalog; path = Assets.xcassets; sourceTree = "<group>"; };
		A8F3BEA6225062610076C61C /* Base */ = {isa = PBXFileReference; lastKnownFileType = file.storyboard; name = Base; path = Base.lproj/LaunchScreen.storyboard; sourceTree = "<group>"; };
		A8F3BEA8225062610076C61C /* Info.plist */ = {isa = PBXFileReference; lastKnownFileType = text.plist.xml; path = Info.plist; sourceTree = "<group>"; };
		A8F68A4722527D5B008E85B2 /* Canvas.swift */ = {isa = PBXFileReference; lastKnownFileType = sourcecode.swift; path = Canvas.swift; sourceTree = "<group>"; };
		A8F792B5225483C100FCB1CF /* Line.swift */ = {isa = PBXFileReference; lastKnownFileType = sourcecode.swift; path = Line.swift; sourceTree = "<group>"; };
/* End PBXFileReference section */

/* Begin PBXFrameworksBuildPhase section */
		A8F3BE962250625D0076C61C /* Frameworks */ = {
			isa = PBXFrameworksBuildPhase;
			buildActionMask = 2147483647;
			files = (
			);
			runOnlyForDeploymentPostprocessing = 0;
		};
/* End PBXFrameworksBuildPhase section */

/* Begin PBXGroup section */
		A8F3BE902250625D0076C61C = {
			isa = PBXGroup;
			children = (
				A8F3BE9B2250625D0076C61C /* DrawingOnCanvas */,
				A8F3BE9A2250625D0076C61C /* Products */,
			);
			sourceTree = "<group>";
		};
		A8F3BE9A2250625D0076C61C /* Products */ = {
			isa = PBXGroup;
			children = (
				A8F3BE992250625D0076C61C /* DrawingOnCanvas.app */,
			);
			name = Products;
			sourceTree = "<group>";
		};
		A8F3BE9B2250625D0076C61C /* DrawingOnCanvas */ = {
			isa = PBXGroup;
			children = (
				A8F792B42254837D00FCB1CF /* Model */,
				A8F68A4622527CEB008E85B2 /* Views */,
				A8F68A4922527D68008E85B2 /* Controller */,
				A8F3BEA02250625D0076C61C /* Main.storyboard */,
				A8F3BE9C2250625D0076C61C /* AppDelegate.swift */,
				A8F3BEA3225062610076C61C /* Assets.xcassets */,
				A8F3BEA5225062610076C61C /* LaunchScreen.storyboard */,
				A8F3BEA8225062610076C61C /* Info.plist */,
			);
			path = DrawingOnCanvas;
			sourceTree = "<group>";
		};
		A8F68A4622527CEB008E85B2 /* Views */ = {
			isa = PBXGroup;
			children = (
				A8F68A4722527D5B008E85B2 /* Canvas.swift */,
			);
			name = Views;
			path = "New Group";
			sourceTree = "<group>";
		};
		A8F68A4922527D68008E85B2 /* Controller */ = {
			isa = PBXGroup;
			children = (
				A8F3BE9E2250625D0076C61C /* ViewController.swift */,
			);
			name = Controller;
			path = "New Group1";
			sourceTree = "<group>";
		};
		A8F792B42254837D00FCB1CF /* Model */ = {
			isa = PBXGroup;
			children = (
				A8F792B5225483C100FCB1CF /* Line.swift */,
			);
			path = Model;
			sourceTree = "<group>";
		};
/* End PBXGroup section */

/* Begin PBXNativeTarget section */
		A8F3BE982250625D0076C61C /* DrawingOnCanvas */ = {
			isa = PBXNativeTarget;
			buildConfigurationList = A8F3BEAB225062610076C61C /* Build configuration list for PBXNativeTarget "DrawingOnCanvas" */;
			buildPhases = (
				A8F3BE952250625D0076C61C /* Sources */,
				A8F3BE962250625D0076C61C /* Frameworks */,
				A8F3BE972250625D0076C61C /* Resources */,
			);
			buildRules = (
			);
			dependencies = (
			);
			name = DrawingOnCanvas;
			productName = DrawingOnCanvas;
			productReference = A8F3BE992250625D0076C61C /* DrawingOnCanvas.app */;
			productType = "com.apple.product-type.application";
		};
/* End PBXNativeTarget section */

/* Begin PBXProject section */
		A8F3BE912250625D0076C61C /* Project object */ = {
			isa = PBXProject;
			attributes = {
				LastSwiftUpdateCheck = 1020;
				LastUpgradeCheck = 1020;
				ORGANIZATIONNAME = "Makan Fofana";
				TargetAttributes = {
					A8F3BE982250625D0076C61C = {
						CreatedOnToolsVersion = 10.2;
					};
				};
			};
			buildConfigurationList = A8F3BE942250625D0076C61C /* Build configuration list for PBXProject "DrawingOnCanvas" */;
			compatibilityVersion = "Xcode 9.3";
			developmentRegion = en;
			hasScannedForEncodings = 0;
			knownRegions = (
				en,
				Base,
			);
			mainGroup = A8F3BE902250625D0076C61C;
			productRefGroup = A8F3BE9A2250625D0076C61C /* Products */;
			projectDirPath = "";
			projectRoot = "";
			targets = (
				A8F3BE982250625D0076C61C /* DrawingOnCanvas */,
			);
		};
/* End PBXProject section */

/* Begin PBXResourcesBuildPhase section */
		A8F3BE972250625D0076C61C /* Resources */ = {
			isa = PBXResourcesBuildPhase;
			buildActionMask = 2147483647;
			files = (
				A8F3BEA7225062610076C61C /* LaunchScreen.storyboard in Resources */,
				A8F3BEA4225062610076C61C /* Assets.xcassets in Resources */,
				A8F3BEA22250625D0076C61C /* Main.storyboard in Resources */,
			);
			runOnlyForDeploymentPostprocessing = 0;
		};
/* End PBXResourcesBuildPhase section */

/* Begin PBXSourcesBuildPhase section */
		A8F3BE952250625D0076C61C /* Sources */ = {
			isa = PBXSourcesBuildPhase;
			buildActionMask = 2147483647;
			files = (
				A8F3BE9F2250625D0076C61C /* ViewController.swift in Sources */,
				A8F792B6225483C100FCB1CF /* Line.swift in Sources */,
				A8F3BE9D2250625D0076C61C /* AppDelegate.swift in Sources */,
				A8F68A4822527D5B008E85B2 /* Canvas.swift in Sources */,
			);
			runOnlyForDeploymentPostprocessing = 0;
		};
/* End PBXSourcesBuildPhase section */

/* Begin PBXVariantGroup section */
		A8F3BEA02250625D0076C61C /* Main.storyboard */ = {
			isa = PBXVariantGroup;
			children = (
				A8F3BEA12250625D0076C61C /* Base */,
			);
			name = Main.storyboard;
			sourceTree = "<group>";
		};
		A8F3BEA5225062610076C61C /* LaunchScreen.storyboard */ = {
			isa = PBXVariantGroup;
			children = (
				A8F3BEA6225062610076C61C /* Base */,
			);
			name = LaunchScreen.storyboard;
			sourceTree = "<group>";
		};
/* End PBXVariantGroup section */

/* Begin XCBuildConfiguration section */
		A8F3BEA9225062610076C61C /* Debug */ = {
			isa = XCBuildConfiguration;
			buildSettings = {
				ALWAYS_SEARCH_USER_PATHS = NO;
				CLANG_ANALYZER_NONNULL = YES;
				CLANG_ANALYZER_NUMBER_OBJECT_CONVERSION = YES_AGGRESSIVE;
				CLANG_CXX_LANGUAGE_STANDARD = "gnu++14";
				CLANG_CXX_LIBRARY = "libc++";
				CLANG_ENABLE_MODULES = YES;
				CLANG_ENABLE_OBJC_ARC = YES;
				CLANG_ENABLE_OBJC_WEAK = YES;
				CLANG_WARN_BLOCK_CAPTURE_AUTORELEASING = YES;
				CLANG_WARN_BOOL_CONVERSION = YES;
				CLANG_WARN_COMMA = YES;
				CLANG_WARN_CONSTANT_CONVERSION = YES;
				CLANG_WARN_DEPRECATED_OBJC_IMPLEMENTATIONS = YES;
				CLANG_WARN_DIRECT_OBJC_ISA_USAGE = YES_ERROR;
				CLANG_WARN_DOCUMENTATION_COMMENTS = YES;
				CLANG_WARN_EMPTY_BODY = YES;
				CLANG_WARN_ENUM_CONVERSION = YES;
				CLANG_WARN_INFINITE_RECURSION = YES;
				CLANG_WARN_INT_CONVERSION = YES;
				CLANG_WARN_NON_LITERAL_NULL_CONVERSION = YES;
				CLANG_WARN_OBJC_IMPLICIT_RETAIN_SELF = YES;
				CLANG_WARN_OBJC_LITERAL_CONVERSION = YES;
				CLANG_WARN_OBJC_ROOT_CLASS = YES_ERROR;
				CLANG_WARN_RANGE_LOOP_ANALYSIS = YES;
				CLANG_WARN_STRICT_PROTOTYPES = YES;
				CLANG_WARN_SUSPICIOUS_MOVE = YES;
				CLANG_WARN_UNGUARDED_AVAILABILITY = YES_AGGRESSIVE;
				CLANG_WARN_UNREACHABLE_CODE = YES;
				CLANG_WARN__DUPLICATE_METHOD_MATCH = YES;
				CODE_SIGN_IDENTITY = "iPhone Developer";
				COPY_PHASE_STRIP = NO;
				DEBUG_INFORMATION_FORMAT = dwarf;
				ENABLE_STRICT_OBJC_MSGSEND = YES;
				ENABLE_TESTABILITY = YES;
				GCC_C_LANGUAGE_STANDARD = gnu11;
				GCC_DYNAMIC_NO_PIC = NO;
				GCC_NO_COMMON_BLOCKS = YES;
				GCC_OPTIMIZATION_LEVEL = 0;
				GCC_PREPROCESSOR_DEFINITIONS = (
					"DEBUG=1",
					"$(inherited)",
				);
				GCC_WARN_64_TO_32_BIT_CONVERSION = YES;
				GCC_WARN_ABOUT_RETURN_TYPE = YES_ERROR;
				GCC_WARN_UNDECLARED_SELECTOR = YES;
				GCC_WARN_UNINITIALIZED_AUTOS = YES_AGGRESSIVE;
				GCC_WARN_UNUSED_FUNCTION = YES;
				GCC_WARN_UNUSED_VARIABLE = YES;
				IPHONEOS_DEPLOYMENT_TARGET = 12.2;
				MTL_ENABLE_DEBUG_INFO = INCLUDE_SOURCE;
				MTL_FAST_MATH = YES;
				ONLY_ACTIVE_ARCH = YES;
				SDKROOT = iphoneos;
				SWIFT_ACTIVE_COMPILATION_CONDITIONS = DEBUG;
				SWIFT_OPTIMIZATION_LEVEL = "-Onone";
			};
			name = Debug;
		};
		A8F3BEAA225062610076C61C /* Release */ = {
			isa = XCBuildConfiguration;
			buildSettings = {
				ALWAYS_SEARCH_USER_PATHS = NO;
				CLANG_ANALYZER_NONNULL = YES;
				CLANG_ANALYZER_NUMBER_OBJECT_CONVERSION = YES_AGGRESSIVE;
				CLANG_CXX_LANGUAGE_STANDARD = "gnu++14";
				CLANG_CXX_LIBRARY = "libc++";
				CLANG_ENABLE_MODULES = YES;
				CLANG_ENABLE_OBJC_ARC = YES;
				CLANG_ENABLE_OBJC_WEAK = YES;
				CLANG_WARN_BLOCK_CAPTURE_AUTORELEASING = YES;
				CLANG_WARN_BOOL_CONVERSION = YES;
				CLANG_WARN_COMMA = YES;
				CLANG_WARN_CONSTANT_CONVERSION = YES;
				CLANG_WARN_DEPRECATED_OBJC_IMPLEMENTATIONS = YES;
				CLANG_WARN_DIRECT_OBJC_ISA_USAGE = YES_ERROR;
				CLANG_WARN_DOCUMENTATION_COMMENTS = YES;
				CLANG_WARN_EMPTY_BODY = YES;
				CLANG_WARN_ENUM_CONVERSION = YES;
				CLANG_WARN_INFINITE_RECURSION = YES;
				CLANG_WARN_INT_CONVERSION = YES;
				CLANG_WARN_NON_LITERAL_NULL_CONVERSION = YES;
				CLANG_WARN_OBJC_IMPLICIT_RETAIN_SELF = YES;
				CLANG_WARN_OBJC_LITERAL_CONVERSION = YES;
				CLANG_WARN_OBJC_ROOT_CLASS = YES_ERROR;
				CLANG_WARN_RANGE_LOOP_ANALYSIS = YES;
				CLANG_WARN_STRICT_PROTOTYPES = YES;
				CLANG_WARN_SUSPICIOUS_MOVE = YES;
				CLANG_WARN_UNGUARDED_AVAILABILITY = YES_AGGRESSIVE;
				CLANG_WARN_UNREACHABLE_CODE = YES;
				CLANG_WARN__DUPLICATE_METHOD_MATCH = YES;
				CODE_SIGN_IDENTITY = "iPhone Developer";
				COPY_PHASE_STRIP = NO;
				DEBUG_INFORMATION_FORMAT = "dwarf-with-dsym";
				ENABLE_NS_ASSERTIONS = NO;
				ENABLE_STRICT_OBJC_MSGSEND = YES;
				GCC_C_LANGUAGE_STANDARD = gnu11;
				GCC_NO_COMMON_BLOCKS = YES;
				GCC_WARN_64_TO_32_BIT_CONVERSION = YES;
				GCC_WARN_ABOUT_RETURN_TYPE = YES_ERROR;
				GCC_WARN_UNDECLARED_SELECTOR = YES;
				GCC_WARN_UNINITIALIZED_AUTOS = YES_AGGRESSIVE;
				GCC_WARN_UNUSED_FUNCTION = YES;
				GCC_WARN_UNUSED_VARIABLE = YES;
				IPHONEOS_DEPLOYMENT_TARGET = 12.2;
				MTL_ENABLE_DEBUG_INFO = NO;
				MTL_FAST_MATH = YES;
				SDKROOT = iphoneos;
				SWIFT_COMPILATION_MODE = wholemodule;
				SWIFT_OPTIMIZATION_LEVEL = "-O";
				VALIDATE_PRODUCT = YES;
			};
			name = Release;
		};
		A8F3BEAC225062610076C61C /* Debug */ = {
			isa = XCBuildConfiguration;
			buildSettings = {
				ASSETCATALOG_COMPILER_APPICON_NAME = AppIcon;
				CODE_SIGN_STYLE = Automatic;
				DEVELOPMENT_TEAM = 9X92Q6ALP7;
				INFOPLIST_FILE = DrawingOnCanvas/Info.plist;
				IPHONEOS_DEPLOYMENT_TARGET = 12.2;
				LD_RUNPATH_SEARCH_PATHS = (
					"$(inherited)",
					"@executable_path/Frameworks",
				);
				PRODUCT_BUNDLE_IDENTIFIER = com.MakanFofana.DrawingOnCanvas;
				PRODUCT_NAME = "$(TARGET_NAME)";
				SWIFT_VERSION = 5.0;
				TARGETED_DEVICE_FAMILY = "1,2";
			};
			name = Debug;
		};
		A8F3BEAD225062610076C61C /* Release */ = {
			isa = XCBuildConfiguration;
			buildSettings = {
				ASSETCATALOG_COMPILER_APPICON_NAME = AppIcon;
				CODE_SIGN_STYLE = Automatic;
				DEVELOPMENT_TEAM = 9X92Q6ALP7;
				INFOPLIST_FILE = DrawingOnCanvas/Info.plist;
				IPHONEOS_DEPLOYMENT_TARGET = 12.2;
				LD_RUNPATH_SEARCH_PATHS = (
					"$(inherited)",
					"@executable_path/Frameworks",
				);
				PRODUCT_BUNDLE_IDENTIFIER = com.MakanFofana.DrawingOnCanvas;
				PRODUCT_NAME = "$(TARGET_NAME)";
				SWIFT_VERSION = 5.0;
				TARGETED_DEVICE_FAMILY = "1,2";
			};
			name = Release;
		};
/* End XCBuildConfiguration section */

/* Begin XCConfigurationList section */
		A8F3BE942250625D0076C61C /* Build configuration list for PBXProject "DrawingOnCanvas" */ = {
			isa = XCConfigurationList;
			buildConfigurations = (
				A8F3BEA9225062610076C61C /* Debug */,
				A8F3BEAA225062610076C61C /* Release */,
			);
			defaultConfigurationIsVisible = 0;
			defaultConfigurationName = Release;
		};
		A8F3BEAB225062610076C61C /* Build configuration list for PBXNativeTarget "DrawingOnCanvas" */ = {
			isa = XCConfigurationList;
			buildConfigurations = (
				A8F3BEAC225062610076C61C /* Debug */,
				A8F3BEAD225062610076C61C /* Release */,
			);
			defaultConfigurationIsVisible = 0;
			defaultConfigurationName = Release;
		};
/* End XCConfigurationList section */
	};
	rootObject = A8F3BE912250625D0076C61C /* Project object */;
}
